<?xml version="1.0" encoding="utf-8"?>
<Project ToolsVersion="4.0" xmlns="http://schemas.microsoft.com/developer/msbuild/2003">
  <ItemGroup>
    <Filter Include="Archivos de código fuente">
      <UniqueIdentifier>{4FC737F1-C7A5-4376-A066-2A32D752A2FF}</UniqueIdentifier>
      <Extensions>cpp;c;cc;cxx;def;odl;idl;hpj;bat;asm;asmx</Extensions>
    </Filter>
    <Filter Include="Archivos de encabezado">
      <UniqueIdentifier>{93995380-89BD-4b04-88EB-625FBE52EBFB}</UniqueIdentifier>
      <Extensions>h;hh;hpp;hxx;hm;inl;inc;xsd</Extensions>
    </Filter>
    <Filter Include="Archivos de recursos">
      <UniqueIdentifier>{67DA6AB6-F800-4c08-8B7A-83BB121AAD01}</UniqueIdentifier>
      <Extensions>rc;ico;cur;bmp;dlg;rc2;rct;bin;rgs;gif;jpg;jpeg;jpe;resx;tiff;tif;png;wav;mfcribbon-ms</Extensions>
    </Filter>
    <Filter Include="Archivos de código fuente\Modules">
      <UniqueIdentifier>{6a6ad4f4-79dd-458b-8d6b-bd937b9cd65e}</UniqueIdentifier>
    </Filter>
    <Filter Include="Archivos de encabezado\Modules">
      <UniqueIdentifier>{8af847fa-dda2-4fbd-9263-f123a1e3d66f}</UniqueIdentifier>
    </Filter>
    <Filter Include="Archivos de encabezado\Pending">
      <UniqueIdentifier>{8fff08d8-4452-4f58-acf1-7b66b46598ae}</UniqueIdentifier>
    </Filter>
    <Filter Include="Archivos de código fuente\Pending">
      <UniqueIdentifier>{0141ae18-d5a6-483f-92db-5535075cd724}</UniqueIdentifier>
    </Filter>
    <Filter Include="Archivos de encabezado\TDA%27s">
      <UniqueIdentifier>{6cba01f9-f8ed-4fce-9d25-1c7a5288d18c}</UniqueIdentifier>
    </Filter>
    <Filter Include="Archivos de encabezado\Pending\Entities">
      <UniqueIdentifier>{e168fb25-8906-4864-8d6a-1c106b33ead3}</UniqueIdentifier>
    </Filter>
    <Filter Include="Archivos de código fuente\Pending\Entities">
      <UniqueIdentifier>{e7f27bad-a614-448d-9e53-919e39359bd3}</UniqueIdentifier>
    </Filter>
  </ItemGroup>
  <ItemGroup>
    <ClCompile Include="main.cpp">
      <Filter>Archivos de código fuente</Filter>
    </ClCompile>
    <ClCompile Include="Application.cpp">
      <Filter>Archivos de código fuente\Modules</Filter>
    </ClCompile>
    <ClCompile Include="Log.cpp">
      <Filter>Archivos de código fuente</Filter>
    </ClCompile>
    <ClCompile Include="ModuleInput.cpp">
      <Filter>Archivos de código fuente\Modules</Filter>
    </ClCompile>
    <ClCompile Include="ModuleRender.cpp">
      <Filter>Archivos de código fuente\Modules</Filter>
    </ClCompile>
    <ClCompile Include="ModuleWindow.cpp">
      <Filter>Archivos de código fuente\Modules</Filter>
    </ClCompile>
    <ClCompile Include="ModuleTextures.cpp">
      <Filter>Archivos de código fuente\Pending</Filter>
    </ClCompile>
    <ClCompile Include="ModuleScene.cpp">
      <Filter>Archivos de código fuente\Pending</Filter>
    </ClCompile>
    <ClCompile Include="ModuleFontManager.cpp">
      <Filter>Archivos de código fuente\Pending</Filter>
    </ClCompile>
    <ClCompile Include="ModuleAudio.cpp">
      <Filter>Archivos de código fuente\Pending</Filter>
    </ClCompile>
    <ClCompile Include="ModuleEntityManager.cpp">
      <Filter>Archivos de código fuente\Pending\Entities</Filter>
    </ClCompile>
  </ItemGroup>
  <ItemGroup>
    <ClInclude Include="Globals.h">
      <Filter>Archivos de encabezado</Filter>
    </ClInclude>
    <ClInclude Include="ModuleInput.h">
      <Filter>Archivos de encabezado\Modules</Filter>
    </ClInclude>
    <ClInclude Include="ModuleRender.h">
      <Filter>Archivos de encabezado\Modules</Filter>
    </ClInclude>
    <ClInclude Include="ModuleWindow.h">
      <Filter>Archivos de encabezado\Modules</Filter>
    </ClInclude>
    <ClInclude Include="Module.h">
      <Filter>Archivos de encabezado\Modules</Filter>
    </ClInclude>
    <ClInclude Include="ModuleAudio.h">
      <Filter>Archivos de encabezado\Pending</Filter>
    </ClInclude>
    <ClInclude Include="ModuleFontManager.h">
      <Filter>Archivos de encabezado\Pending</Filter>
    </ClInclude>
    <ClInclude Include="Animation.h">
      <Filter>Archivos de encabezado</Filter>
    </ClInclude>
    <ClInclude Include="ModuleEntityManager.h">
      <Filter>Archivos de encabezado\Pending\Entities</Filter>
    </ClInclude>
    <ClInclude Include="Queue.h">
      <Filter>Archivos de encabezado\TDA%27s</Filter>
    </ClInclude>
    <ClInclude Include="Application.h">
      <Filter>Archivos de encabezado\Modules</Filter>
    </ClInclude>
    <ClInclude Include="ModulePlayer.h">
      <Filter>Archivos de encabezado\Pending\Entities</Filter>
    </ClInclude>
    <ClInclude Include="Player.h">
      <Filter>Archivos de encabezado\Pending\Entities</Filter>
    </ClInclude>
    <ClInclude Include="Player1.h">
      <Filter>Archivos de encabezado\Pending\Entities</Filter>
    </ClInclude>
    <ClInclude Include="Player2.h">
      <Filter>Archivos de encabezado\Pending\Entities</Filter>
    </ClInclude>
    <ClInclude Include="ModuleScene.h">
      <Filter>Archivos de encabezado\Pending\Entities</Filter>
    </ClInclude>
    <ClInclude Include="ModuleTextures.h">
      <Filter>Archivos de encabezado\Modules</Filter>
    </ClInclude>
  </ItemGroup>
</Project>