<?xml version="1.0" encoding="utf-8"?>
<Project ToolsVersion="4.0" xmlns="http://schemas.microsoft.com/developer/msbuild/2003">
  <ItemGroup>
    <Filter Include="Archivos de código fuente">
      <UniqueIdentifier>{4FC737F1-C7A5-4376-A066-2A32D752A2FF}</UniqueIdentifier>
      <Extensions>cpp;c;cc;cxx;def;odl;idl;hpj;bat;asm;asmx</Extensions>
    </Filter>
    <Filter Include="Archivos de encabezado">
      <UniqueIdentifier>{93995380-89BD-4b04-88EB-625FBE52EBFB}</UniqueIdentifier>
      <Extensions>h;hh;hpp;hxx;hm;inl;inc;xsd</Extensions>
    </Filter>
    <Filter Include="Archivos de recursos">
      <UniqueIdentifier>{67DA6AB6-F800-4c08-8B7A-83BB121AAD01}</UniqueIdentifier>
      <Extensions>rc;ico;cur;bmp;dlg;rc2;rct;bin;rgs;gif;jpg;jpeg;jpe;resx;tiff;tif;png;wav;mfcribbon-ms</Extensions>
    </Filter>
    <Filter Include="Archivos de código fuente\Application">
      <UniqueIdentifier>{6a6ad4f4-79dd-458b-8d6b-bd937b9cd65e}</UniqueIdentifier>
    </Filter>
    <Filter Include="Archivos de código fuente\Application\Game">
      <UniqueIdentifier>{e7f27bad-a614-448d-9e53-919e39359bd3}</UniqueIdentifier>
    </Filter>
    <Filter Include="Archivos de encabezado\Application">
      <UniqueIdentifier>{8af847fa-dda2-4fbd-9263-f123a1e3d66f}</UniqueIdentifier>
    </Filter>
    <Filter Include="Archivos de encabezado\Application\Game">
      <UniqueIdentifier>{e168fb25-8906-4864-8d6a-1c106b33ead3}</UniqueIdentifier>
    </Filter>
    <Filter Include="Archivos de encabezado\Other Resources">
      <UniqueIdentifier>{13cb1101-91e6-4cf0-87db-23fa4ffca2ca}</UniqueIdentifier>
    </Filter>
    <Filter Include="Archivos de encabezado\Other Resources\TDA%27s">
      <UniqueIdentifier>{6cba01f9-f8ed-4fce-9d25-1c7a5288d18c}</UniqueIdentifier>
    </Filter>
    <Filter Include="Archivos de código fuente\Application\General Modules">
      <UniqueIdentifier>{cdc0e45f-10a2-4795-8c1c-a22be8c2cd60}</UniqueIdentifier>
    </Filter>
    <Filter Include="Archivos de encabezado\Application\General Modules">
      <UniqueIdentifier>{e7b7c3f0-6a73-4917-ab85-4270cf891781}</UniqueIdentifier>
    </Filter>
    <Filter Include="Archivos de código fuente\MAIN">
      <UniqueIdentifier>{3e946cf2-ec11-4ee0-912c-e013b823f2be}</UniqueIdentifier>
    </Filter>
    <Filter Include="Archivos de código fuente\Other Resources">
      <UniqueIdentifier>{9c0a3349-30d7-4d3e-b383-ebfaa5745606}</UniqueIdentifier>
    </Filter>
    <Filter Include="Archivos de encabezado\Application\Other Modules">
      <UniqueIdentifier>{4cbac1af-4e60-4c5f-91b6-22db46c33eaf}</UniqueIdentifier>
    </Filter>
    <Filter Include="Archivos de código fuente\Application\Other Modules">
      <UniqueIdentifier>{e5d9471b-c76f-4097-832a-0b76cafb6b06}</UniqueIdentifier>
    </Filter>
    <Filter Include="Archivos de encabezado\Application\Game\Modules">
      <UniqueIdentifier>{96050f57-6272-45db-8fd4-92f3852a0055}</UniqueIdentifier>
    </Filter>
    <Filter Include="Archivos de encabezado\Application\Game\Objects">
      <UniqueIdentifier>{ac40ea1f-1e80-4fe8-8cf8-76616b23aac9}</UniqueIdentifier>
    </Filter>
    <Filter Include="Archivos de código fuente\Application\Game\Modules">
      <UniqueIdentifier>{9fa3963e-536e-41d2-8ef9-ffae4fc01959}</UniqueIdentifier>
    </Filter>
    <Filter Include="Archivos de código fuente\Application\Game\Objects">
      <UniqueIdentifier>{05b88821-64c4-4d0d-a9ae-fa89ff151700}</UniqueIdentifier>
    </Filter>
  </ItemGroup>
  <ItemGroup>
    <ClCompile Include="ModuleAudio.cpp">
      <Filter>Archivos de código fuente\Application\General Modules</Filter>
    </ClCompile>
    <ClCompile Include="ModuleFontManager.cpp">
      <Filter>Archivos de código fuente\Application\General Modules</Filter>
    </ClCompile>
    <ClCompile Include="ModuleInput.cpp">
      <Filter>Archivos de código fuente\Application\General Modules</Filter>
    </ClCompile>
    <ClCompile Include="ModuleRender.cpp">
      <Filter>Archivos de código fuente\Application\General Modules</Filter>
    </ClCompile>
    <ClCompile Include="ModuleTextures.cpp">
      <Filter>Archivos de código fuente\Application\General Modules</Filter>
    </ClCompile>
    <ClCompile Include="ModuleWindow.cpp">
      <Filter>Archivos de código fuente\Application\General Modules</Filter>
    </ClCompile>
    <ClCompile Include="Application.cpp">
      <Filter>Archivos de código fuente\Application</Filter>
    </ClCompile>
    <ClCompile Include="main.cpp">
      <Filter>Archivos de código fuente\MAIN</Filter>
    </ClCompile>
    <ClCompile Include="Log.cpp">
      <Filter>Archivos de código fuente\Other Resources</Filter>
    </ClCompile>
    <ClCompile Include="ModuleTitle.cpp">
      <Filter>Archivos de código fuente\Application\Other Modules</Filter>
    </ClCompile>
    <ClCompile Include="ModuleChooseCity.cpp">
      <Filter>Archivos de código fuente\Application\Other Modules</Filter>
    </ClCompile>
    <ClCompile Include="ModuleCredits.cpp">
      <Filter>Archivos de código fuente\Application\Other Modules</Filter>
    </ClCompile>
    <ClCompile Include="ModuleHighscore.cpp">
      <Filter>Archivos de código fuente\Application\Other Modules</Filter>
    </ClCompile>
    <ClCompile Include="ModulePlane.cpp">
      <Filter>Archivos de código fuente\Application\Other Modules</Filter>
    </ClCompile>
    <ClCompile Include="ModuleTutorial.cpp">
      <Filter>Archivos de código fuente\Application\Other Modules</Filter>
    </ClCompile>
    <ClCompile Include="ModuleEntityManager.cpp">
      <Filter>Archivos de código fuente\Application\Game\Modules</Filter>
    </ClCompile>
    <ClCompile Include="ModulePlayer.cpp">
      <Filter>Archivos de código fuente\Application\Game\Modules</Filter>
    </ClCompile>
    <ClCompile Include="ModuleScene.cpp">
      <Filter>Archivos de código fuente\Application\Game\Modules</Filter>
    </ClCompile>
    <ClCompile Include="Time_Count.cpp">
      <Filter>Archivos de código fuente\Application\Game\Objects</Filter>
    </ClCompile>
    <ClCompile Include="Harpoon.cpp">
      <Filter>Archivos de código fuente\Application\Game\Objects</Filter>
    </ClCompile>
    <ClCompile Include="Player.cpp">
      <Filter>Archivos de código fuente\Application\Game\Objects</Filter>
    </ClCompile>
    <ClCompile Include="Particles.cpp">
      <Filter>Archivos de código fuente\Application\Game\Objects</Filter>
    </ClCompile>
  </ItemGroup>
  <ItemGroup>
    <ClInclude Include="Queue.h">
      <Filter>Archivos de encabezado\Other Resources\TDA%27s</Filter>
    </ClInclude>
    <ClInclude Include="Globals.h">
      <Filter>Archivos de encabezado\Other Resources</Filter>
    </ClInclude>
    <ClInclude Include="Module.h">
      <Filter>Archivos de encabezado\Application\General Modules</Filter>
    </ClInclude>
    <ClInclude Include="ModuleAudio.h">
      <Filter>Archivos de encabezado\Application\General Modules</Filter>
    </ClInclude>
    <ClInclude Include="ModuleFontManager.h">
      <Filter>Archivos de encabezado\Application\General Modules</Filter>
    </ClInclude>
    <ClInclude Include="ModuleInput.h">
      <Filter>Archivos de encabezado\Application\General Modules</Filter>
    </ClInclude>
    <ClInclude Include="ModuleRender.h">
      <Filter>Archivos de encabezado\Application\General Modules</Filter>
    </ClInclude>
    <ClInclude Include="ModuleTextures.h">
      <Filter>Archivos de encabezado\Application\General Modules</Filter>
    </ClInclude>
    <ClInclude Include="ModuleWindow.h">
      <Filter>Archivos de encabezado\Application\General Modules</Filter>
    </ClInclude>
    <ClInclude Include="Application.h">
      <Filter>Archivos de encabezado\Application</Filter>
    </ClInclude>
    <ClInclude Include="ModuleTitle.h">
      <Filter>Archivos de encabezado\Application\Other Modules</Filter>
    </ClInclude>
    <ClInclude Include="ModuleTutorial.h">
      <Filter>Archivos de encabezado\Application\Other Modules</Filter>
    </ClInclude>
    <ClInclude Include="ModulePlane.h">
      <Filter>Archivos de encabezado\Application\Other Modules</Filter>
    </ClInclude>
    <ClInclude Include="ModuleCredits.h">
      <Filter>Archivos de encabezado\Application\Other Modules</Filter>
    </ClInclude>
    <ClInclude Include="ModuleChooseCity.h">
      <Filter>Archivos de encabezado\Application\Other Modules</Filter>
    </ClInclude>
    <ClInclude Include="ModuleHighscore.h">
      <Filter>Archivos de encabezado\Application\Other Modules</Filter>
    </ClInclude>
    <ClInclude Include="ModuleEntityManager.h">
      <Filter>Archivos de encabezado\Application\Game\Modules</Filter>
    </ClInclude>
    <ClInclude Include="ModulePlayer.h">
      <Filter>Archivos de encabezado\Application\Game\Modules</Filter>
    </ClInclude>
    <ClInclude Include="ModuleScene.h">
      <Filter>Archivos de encabezado\Application\Game\Modules</Filter>
    </ClInclude>
    <ClInclude Include="Harpoon.h">
      <Filter>Archivos de encabezado\Application\Game\Objects</Filter>
    </ClInclude>
    <ClInclude Include="Player.h">
      <Filter>Archivos de encabezado\Application\Game\Objects</Filter>
    </ClInclude>
    <ClInclude Include="Time_Count.h">
      <Filter>Archivos de encabezado\Application\Game\Objects</Filter>
    </ClInclude>
    <ClInclude Include="Particles.h">
      <Filter>Archivos de encabezado\Application\Game\Objects</Filter>
    </ClInclude>
    <ClInclude Include="Balloon.h">
      <Filter>Archivos de encabezado\Application\Game\Objects</Filter>
    </ClInclude>
  </ItemGroup>
</Project>